
Microsoft Visual Studio Solution File, Format Version 12.00
# Visual Studio Version 17
VisualStudioVersion = 17.9.34728.123
MinimumVisualStudioVersion = 10.0.40219.1
Project("{FAE04EC0-301F-11D3-BF4B-00C04F79EFBC}") = "15_Prism_Module.sln", "15_Prism_Module.sln\15_Prism_Module.sln.csproj", "{28F66EFE-2029-4DEB-BC4E-D050708765AE}"
EndProject
Project("{FAE04EC0-301F-11D3-BF4B-00C04F79EFBC}") = "Module.Register", "Module.Register\Module.Register.csproj", "{072595E4-3C46-4723-AB69-7EC02F9FCC84}"
EndProject
Global
	GlobalSection(SolutionConfigurationPlatforms) = preSolution
		Debug|Any CPU = Debug|Any CPU
		Release|Any CPU = Release|Any CPU
	EndGlobalSection
	GlobalSection(ProjectConfigurationPlatforms) = postSolution
		{28F66EFE-2029-4DEB-BC4E-D050708765AE}.Debug|Any CPU.ActiveCfg = Debug|Any CPU
		{28F66EFE-2029-4DEB-BC4E-D050708765AE}.Debug|Any CPU.Build.0 = Debug|Any CPU
		{28F66EFE-2029-4DEB-BC4E-D050708765AE}.Release|Any CPU.ActiveCfg = Release|Any CPU
		{28F66EFE-2029-4DEB-BC4E-D050708765AE}.Release|Any CPU.Build.0 = Release|Any CPU
		{072595E4-3C46-4723-AB69-7EC02F9FCC84}.Debug|Any CPU.ActiveCfg = Debug|Any CPU
		{072595E4-3C46-4723-AB69-7EC02F9FCC84}.Debug|Any CPU.Build.0 = Debug|Any CPU
		{072595E4-3C46-4723-AB69-7EC02F9FCC84}.Release|Any CPU.ActiveCfg = Release|Any CPU
		{072595E4-3C46-4723-AB69-7EC02F9FCC84}.Release|Any CPU.Build.0 = Release|Any CPU
	EndGlobalSection
	GlobalSection(SolutionProperties) = preSolution
		HideSolutionNode = FALSE
	EndGlobalSection
	GlobalSection(ExtensibilityGlobals) = postSolution
		SolutionGuid = {2B451046-4FBE-4F62-8ECD-FB52314BA60A}
	EndGlobalSection
EndGlobal
