
Microsoft Visual Studio Solution File, Format Version 12.00
# Visual Studio Version 17
VisualStudioVersion = 17.9.34728.123
MinimumVisualStudioVersion = 10.0.40219.1
Project("{9A19103F-16F7-4668-BE54-9A1E7A4F7556}") = "INotifyPropertyChangedDemo", "INotifyPropertyChangedDemo\INotifyPropertyChangedDemo.csproj", "{2F087008-F115-4436-9817-AE5BEAEA5A85}"
EndProject
Project("{9A19103F-16F7-4668-BE54-9A1E7A4F7556}") = "FirstViewModel", "FirstViewModel\FirstViewModel.csproj", "{15768A49-BB13-4171-B091-072213ACE803}"
EndProject
Project("{9A19103F-16F7-4668-BE54-9A1E7A4F7556}") = "NormalCollectionDemo", "NormalCollectionDemo\NormalCollectionDemo.csproj", "{1AFCADB0-2928-459C-A31F-74F78D295B22}"
EndProject
Project("{9A19103F-16F7-4668-BE54-9A1E7A4F7556}") = "ObservableCollectionDemo", "ObservableCollectionDemo\ObservableCollectionDemo.csproj", "{82952377-653E-46D0-8CE8-8EB45FE74A8B}"
EndProject
Project("{9A19103F-16F7-4668-BE54-9A1E7A4F7556}") = "MethodsToSetViewModel", "MethodsToSetViewModel\MethodsToSetViewModel.csproj", "{9DBAFE24-58EE-496E-BD30-E67A7B90462A}"
EndProject
Project("{FAE04EC0-301F-11D3-BF4B-00C04F79EFBC}") = "UpdateCollectionItemDemo", "UpdateCollectionItemDemo\UpdateCollectionItemDemo.csproj", "{9511B951-440C-4FD9-8DA7-49618C3680F6}"
EndProject
Global
	GlobalSection(SolutionConfigurationPlatforms) = preSolution
		Debug|Any CPU = Debug|Any CPU
		Release|Any CPU = Release|Any CPU
	EndGlobalSection
	GlobalSection(ProjectConfigurationPlatforms) = postSolution
		{2F087008-F115-4436-9817-AE5BEAEA5A85}.Debug|Any CPU.ActiveCfg = Debug|Any CPU
		{2F087008-F115-4436-9817-AE5BEAEA5A85}.Debug|Any CPU.Build.0 = Debug|Any CPU
		{2F087008-F115-4436-9817-AE5BEAEA5A85}.Release|Any CPU.ActiveCfg = Release|Any CPU
		{2F087008-F115-4436-9817-AE5BEAEA5A85}.Release|Any CPU.Build.0 = Release|Any CPU
		{15768A49-BB13-4171-B091-072213ACE803}.Debug|Any CPU.ActiveCfg = Debug|Any CPU
		{15768A49-BB13-4171-B091-072213ACE803}.Debug|Any CPU.Build.0 = Debug|Any CPU
		{15768A49-BB13-4171-B091-072213ACE803}.Release|Any CPU.ActiveCfg = Release|Any CPU
		{15768A49-BB13-4171-B091-072213ACE803}.Release|Any CPU.Build.0 = Release|Any CPU
		{1AFCADB0-2928-459C-A31F-74F78D295B22}.Debug|Any CPU.ActiveCfg = Debug|Any CPU
		{1AFCADB0-2928-459C-A31F-74F78D295B22}.Debug|Any CPU.Build.0 = Debug|Any CPU
		{1AFCADB0-2928-459C-A31F-74F78D295B22}.Release|Any CPU.ActiveCfg = Release|Any CPU
		{1AFCADB0-2928-459C-A31F-74F78D295B22}.Release|Any CPU.Build.0 = Release|Any CPU
		{82952377-653E-46D0-8CE8-8EB45FE74A8B}.Debug|Any CPU.ActiveCfg = Debug|Any CPU
		{82952377-653E-46D0-8CE8-8EB45FE74A8B}.Debug|Any CPU.Build.0 = Debug|Any CPU
		{82952377-653E-46D0-8CE8-8EB45FE74A8B}.Release|Any CPU.ActiveCfg = Release|Any CPU
		{82952377-653E-46D0-8CE8-8EB45FE74A8B}.Release|Any CPU.Build.0 = Release|Any CPU
		{9DBAFE24-58EE-496E-BD30-E67A7B90462A}.Debug|Any CPU.ActiveCfg = Debug|Any CPU
		{9DBAFE24-58EE-496E-BD30-E67A7B90462A}.Debug|Any CPU.Build.0 = Debug|Any CPU
		{9DBAFE24-58EE-496E-BD30-E67A7B90462A}.Release|Any CPU.ActiveCfg = Release|Any CPU
		{9DBAFE24-58EE-496E-BD30-E67A7B90462A}.Release|Any CPU.Build.0 = Release|Any CPU
		{9511B951-440C-4FD9-8DA7-49618C3680F6}.Debug|Any CPU.ActiveCfg = Debug|Any CPU
		{9511B951-440C-4FD9-8DA7-49618C3680F6}.Debug|Any CPU.Build.0 = Debug|Any CPU
		{9511B951-440C-4FD9-8DA7-49618C3680F6}.Release|Any CPU.ActiveCfg = Release|Any CPU
		{9511B951-440C-4FD9-8DA7-49618C3680F6}.Release|Any CPU.Build.0 = Release|Any CPU
	EndGlobalSection
	GlobalSection(SolutionProperties) = preSolution
		HideSolutionNode = FALSE
	EndGlobalSection
	GlobalSection(ExtensibilityGlobals) = postSolution
		SolutionGuid = {81121DCC-21A4-4176-88C6-FBDFDFB9A1F1}
	EndGlobalSection
EndGlobal
