
Microsoft Visual Studio Solution File, Format Version 12.00
# Visual Studio Version 17
VisualStudioVersion = 17.9.34728.123
MinimumVisualStudioVersion = 10.0.40219.1
Project("{9A19103F-16F7-4668-BE54-9A1E7A4F7556}") = "13_Prism_MVVM_Usage", "13_Prism_MVVM_Usage\13_Prism_MVVM_Usage.csproj", "{4D5BDE07-90E9-4996-BDA2-55F7D2F5805E}"
EndProject
Project("{FAE04EC0-301F-11D3-BF4B-00C04F79EFBC}") = "ConfigureViewViewModelBinding", "ConfigureViewViewModelBinding\ConfigureViewViewModelBinding.csproj", "{49EDD69C-869D-4991-9B63-CEE69F58044E}"
EndProject
Global
	GlobalSection(SolutionConfigurationPlatforms) = preSolution
		Debug|Any CPU = Debug|Any CPU
		Release|Any CPU = Release|Any CPU
	EndGlobalSection
	GlobalSection(ProjectConfigurationPlatforms) = postSolution
		{4D5BDE07-90E9-4996-BDA2-55F7D2F5805E}.Debug|Any CPU.ActiveCfg = Debug|Any CPU
		{4D5BDE07-90E9-4996-BDA2-55F7D2F5805E}.Debug|Any CPU.Build.0 = Debug|Any CPU
		{4D5BDE07-90E9-4996-BDA2-55F7D2F5805E}.Release|Any CPU.ActiveCfg = Release|Any CPU
		{4D5BDE07-90E9-4996-BDA2-55F7D2F5805E}.Release|Any CPU.Build.0 = Release|Any CPU
		{49EDD69C-869D-4991-9B63-CEE69F58044E}.Debug|Any CPU.ActiveCfg = Debug|Any CPU
		{49EDD69C-869D-4991-9B63-CEE69F58044E}.Debug|Any CPU.Build.0 = Debug|Any CPU
		{49EDD69C-869D-4991-9B63-CEE69F58044E}.Release|Any CPU.ActiveCfg = Release|Any CPU
		{49EDD69C-869D-4991-9B63-CEE69F58044E}.Release|Any CPU.Build.0 = Release|Any CPU
	EndGlobalSection
	GlobalSection(SolutionProperties) = preSolution
		HideSolutionNode = FALSE
	EndGlobalSection
	GlobalSection(ExtensibilityGlobals) = postSolution
		SolutionGuid = {21A54EBD-A1D0-4F26-B807-6400C7924C9E}
	EndGlobalSection
EndGlobal
