
Microsoft Visual Studio Solution File, Format Version 12.00
# Visual Studio Version 17
VisualStudioVersion = 17.9.34728.123
MinimumVisualStudioVersion = 10.0.40219.1
Project("{9A19103F-16F7-4668-BE54-9A1E7A4F7556}") = "IntroductionToDependencyProperty", "IntroductionToDependencyProperty\IntroductionToDependencyProperty.csproj", "{9BBCBBFF-A23A-4983-9ACE-30E716862B25}"
EndProject
Project("{FAE04EC0-301F-11D3-BF4B-00C04F79EFBC}") = "IntroductionToAttachedProperty", "IntroductionToAttachedProperty\IntroductionToAttachedProperty.csproj", "{076C0B31-DDCA-4E1B-8BE5-862738C46DE2}"
EndProject
Global
	GlobalSection(SolutionConfigurationPlatforms) = preSolution
		Debug|Any CPU = Debug|Any CPU
		Release|Any CPU = Release|Any CPU
	EndGlobalSection
	GlobalSection(ProjectConfigurationPlatforms) = postSolution
		{9BBCBBFF-A23A-4983-9ACE-30E716862B25}.Debug|Any CPU.ActiveCfg = Debug|Any CPU
		{9BBCBBFF-A23A-4983-9ACE-30E716862B25}.Debug|Any CPU.Build.0 = Debug|Any CPU
		{9BBCBBFF-A23A-4983-9ACE-30E716862B25}.Release|Any CPU.ActiveCfg = Release|Any CPU
		{9BBCBBFF-A23A-4983-9ACE-30E716862B25}.Release|Any CPU.Build.0 = Release|Any CPU
		{076C0B31-DDCA-4E1B-8BE5-862738C46DE2}.Debug|Any CPU.ActiveCfg = Debug|Any CPU
		{076C0B31-DDCA-4E1B-8BE5-862738C46DE2}.Debug|Any CPU.Build.0 = Debug|Any CPU
		{076C0B31-DDCA-4E1B-8BE5-862738C46DE2}.Release|Any CPU.ActiveCfg = Release|Any CPU
		{076C0B31-DDCA-4E1B-8BE5-862738C46DE2}.Release|Any CPU.Build.0 = Release|Any CPU
	EndGlobalSection
	GlobalSection(SolutionProperties) = preSolution
		HideSolutionNode = FALSE
	EndGlobalSection
	GlobalSection(ExtensibilityGlobals) = postSolution
		SolutionGuid = {9C22EAEF-70EE-49DC-AE92-5F02F57D1F6D}
	EndGlobalSection
EndGlobal
