
Microsoft Visual Studio Solution File, Format Version 12.00
# Visual Studio Version 17
VisualStudioVersion = 17.9.34728.123
MinimumVisualStudioVersion = 10.0.40219.1
Project("{FAE04EC0-301F-11D3-BF4B-00C04F79EFBC}") = "IntroductionToAttachedProperty", "IntroductionToAttachedProperty\IntroductionToAttachedProperty.csproj", "{1C30392A-6403-4664-98DF-1B7CCA05D060}"
EndProject
Global
	GlobalSection(SolutionConfigurationPlatforms) = preSolution
		Debug|Any CPU = Debug|Any CPU
		Release|Any CPU = Release|Any CPU
	EndGlobalSection
	GlobalSection(ProjectConfigurationPlatforms) = postSolution
		{1C30392A-6403-4664-98DF-1B7CCA05D060}.Debug|Any CPU.ActiveCfg = Debug|Any CPU
		{1C30392A-6403-4664-98DF-1B7CCA05D060}.Debug|Any CPU.Build.0 = Debug|Any CPU
		{1C30392A-6403-4664-98DF-1B7CCA05D060}.Release|Any CPU.ActiveCfg = Release|Any CPU
		{1C30392A-6403-4664-98DF-1B7CCA05D060}.Release|Any CPU.Build.0 = Release|Any CPU
	EndGlobalSection
	GlobalSection(SolutionProperties) = preSolution
		HideSolutionNode = FALSE
	EndGlobalSection
	GlobalSection(ExtensibilityGlobals) = postSolution
		SolutionGuid = {11F7EFD2-7B10-4E64-95B4-CC7D6E0B12E4}
	EndGlobalSection
EndGlobal
